
Microsoft Visual Studio Solution File, Format Version 12.00
# Visual Studio 14
VisualStudioVersion = 14.0.25420.1
MinimumVisualStudioVersion = 10.0.40219.1
Project("{FAE04EC0-301F-11D3-BF4B-00C04F79EFBC}") = "Inflames2K", "Inflames2K\Inflames2K.csproj", "{B54F6A3A-A5E9-4F95-B9A1-256709B56EF2}"
EndProject
Project("{FAE04EC0-301F-11D3-BF4B-00C04F79EFBC}") = "Inflames2K.Tests", "Inflames2K.Tests\Inflames2K.Tests.csproj", "{6A19A3B7-5F90-4D7D-A31C-6734E53FC475}"
EndProject
Global
	GlobalSection(SolutionConfigurationPlatforms) = preSolution
		Debug|Any CPU = Debug|Any CPU
		Release|Any CPU = Release|Any CPU
	EndGlobalSection
	GlobalSection(ProjectConfigurationPlatforms) = postSolution
		{B54F6A3A-A5E9-4F95-B9A1-256709B56EF2}.Debug|Any CPU.ActiveCfg = Debug|Any CPU
		{B54F6A3A-A5E9-4F95-B9A1-256709B56EF2}.Debug|Any CPU.Build.0 = Debug|Any CPU
		{B54F6A3A-A5E9-4F95-B9A1-256709B56EF2}.Release|Any CPU.ActiveCfg = Release|Any CPU
		{B54F6A3A-A5E9-4F95-B9A1-256709B56EF2}.Release|Any CPU.Build.0 = Release|Any CPU
		{6A19A3B7-5F90-4D7D-A31C-6734E53FC475}.Debug|Any CPU.ActiveCfg = Debug|Any CPU
		{6A19A3B7-5F90-4D7D-A31C-6734E53FC475}.Debug|Any CPU.Build.0 = Debug|Any CPU
		{6A19A3B7-5F90-4D7D-A31C-6734E53FC475}.Release|Any CPU.ActiveCfg = Release|Any CPU
		{6A19A3B7-5F90-4D7D-A31C-6734E53FC475}.Release|Any CPU.Build.0 = Release|Any CPU
	EndGlobalSection
	GlobalSection(SolutionProperties) = preSolution
		HideSolutionNode = FALSE
	EndGlobalSection
EndGlobal
